{
  "object": {
    "pins": [
      {
        "package": "MIDataStore",
        "repositoryURL": "https://github.com/imthath-m/mi-data-store",
        "state": {
          "branch": null,
          "revision": "952b629ce7e9bf43a1e65900325bbd158ddc69fa",
          "version": "0.1.0"
        }
      },
      {
        "package": "MINetworkKit",
        "repositoryURL": "https://github.com/imthath-m/mi-network-kit",
        "state": {
          "branch": null,
          "revision": "e7f6b7914586240241620d48000cba9d365e07f1",
          "version": "1.0.5"
        }
      }
    ]
  },
  "version": 1
}
